// !$*UTF8*$!
{
	archiveVersion = 1;
	classes = {
	};
	objectVersion = 56;
	objects = {

/* Begin PBXBuildFile section */
		EC4CA9F02AF132D7006FA3FE /* ListViewController.swift in Sources */ = {isa = PBXBuildFile; fileRef = EC4CA9EF2AF132D6006FA3FE /* ListViewController.swift */; };
		ECC7BDB52AEFED2600E9EE31 /* AppDelegate.swift in Sources */ = {isa = PBXBuildFile; fileRef = ECC7BDB42AEFED2600E9EE31 /* AppDelegate.swift */; };
		ECC7BDB72AEFED2600E9EE31 /* SceneDelegate.swift in Sources */ = {isa = PBXBuildFile; fileRef = ECC7BDB62AEFED2600E9EE31 /* SceneDelegate.swift */; };
		ECC7BDB92AEFED2600E9EE31 /* MapsViewController.swift in Sources */ = {isa = PBXBuildFile; fileRef = ECC7BDB82AEFED2600E9EE31 /* MapsViewController.swift */; };
		ECC7BDBC2AEFED2600E9EE31 /* Main.storyboard in Resources */ = {isa = PBXBuildFile; fileRef = ECC7BDBA2AEFED2600E9EE31 /* Main.storyboard */; };
		ECC7BDBF2AEFED2600E9EE31 /* MapUygulamasi.xcdatamodeld in Sources */ = {isa = PBXBuildFile; fileRef = ECC7BDBD2AEFED2600E9EE31 /* MapUygulamasi.xcdatamodeld */; };
		ECC7BDC12AEFED2700E9EE31 /* Assets.xcassets in Resources */ = {isa = PBXBuildFile; fileRef = ECC7BDC02AEFED2700E9EE31 /* Assets.xcassets */; };
		ECC7BDC42AEFED2700E9EE31 /* LaunchScreen.storyboard in Resources */ = {isa = PBXBuildFile; fileRef = ECC7BDC22AEFED2700E9EE31 /* LaunchScreen.storyboard */; };
/* End PBXBuildFile section */

/* Begin PBXFileReference section */
		EC4CA9EF2AF132D6006FA3FE /* ListViewController.swift */ = {isa = PBXFileReference; lastKnownFileType = sourcecode.swift; path = ListViewController.swift; sourceTree = "<group>"; };
		ECC7BDB12AEFED2600E9EE31 /* MapUygulamasi.app */ = {isa = PBXFileReference; explicitFileType = wrapper.application; includeInIndex = 0; path = MapUygulamasi.app; sourceTree = BUILT_PRODUCTS_DIR; };
		ECC7BDB42AEFED2600E9EE31 /* AppDelegate.swift */ = {isa = PBXFileReference; lastKnownFileType = sourcecode.swift; path = AppDelegate.swift; sourceTree = "<group>"; };
		ECC7BDB62AEFED2600E9EE31 /* SceneDelegate.swift */ = {isa = PBXFileReference; lastKnownFileType = sourcecode.swift; path = SceneDelegate.swift; sourceTree = "<group>"; };
		ECC7BDB82AEFED2600E9EE31 /* MapsViewController.swift */ = {isa = PBXFileReference; lastKnownFileType = sourcecode.swift; path = MapsViewController.swift; sourceTree = "<group>"; };
		ECC7BDBB2AEFED2600E9EE31 /* Base */ = {isa = PBXFileReference; lastKnownFileType = file.storyboard; name = Base; path = Base.lproj/Main.storyboard; sourceTree = "<group>"; };
		ECC7BDBE2AEFED2600E9EE31 /* MapUygulamasi.xcdatamodel */ = {isa = PBXFileReference; lastKnownFileType = wrapper.xcdatamodel; path = MapUygulamasi.xcdatamodel; sourceTree = "<group>"; };
		ECC7BDC02AEFED2700E9EE31 /* Assets.xcassets */ = {isa = PBXFileReference; lastKnownFileType = folder.assetcatalog; path = Assets.xcassets; sourceTree = "<group>"; };
		ECC7BDC32AEFED2700E9EE31 /* Base */ = {isa = PBXFileReference; lastKnownFileType = file.storyboard; name = Base; path = Base.lproj/LaunchScreen.storyboard; sourceTree = "<group>"; };
		ECC7BDC52AEFED2700E9EE31 /* Info.plist */ = {isa = PBXFileReference; lastKnownFileType = text.plist.xml; path = Info.plist; sourceTree = "<group>"; };
/* End PBXFileReference section */

/* Begin PBXFrameworksBuildPhase section */
		ECC7BDAE2AEFED2600E9EE31 /* Frameworks */ = {
			isa = PBXFrameworksBuildPhase;
			buildActionMask = 2147483647;
			files = (
			);
			runOnlyForDeploymentPostprocessing = 0;
		};
/* End PBXFrameworksBuildPhase section */

/* Begin PBXGroup section */
		ECC7BDA82AEFED2600E9EE31 = {
			isa = PBXGroup;
			children = (
				ECC7BDB32AEFED2600E9EE31 /* MapUygulamasi */,
				ECC7BDB22AEFED2600E9EE31 /* Products */,
			);
			sourceTree = "<group>";
		};
		ECC7BDB22AEFED2600E9EE31 /* Products */ = {
			isa = PBXGroup;
			children = (
				ECC7BDB12AEFED2600E9EE31 /* MapUygulamasi.app */,
			);
			name = Products;
			sourceTree = "<group>";
		};
		ECC7BDB32AEFED2600E9EE31 /* MapUygulamasi */ = {
			isa = PBXGroup;
			children = (
				ECC7BDB42AEFED2600E9EE31 /* AppDelegate.swift */,
				ECC7BDB62AEFED2600E9EE31 /* SceneDelegate.swift */,
				ECC7BDB82AEFED2600E9EE31 /* MapsViewController.swift */,
				ECC7BDBA2AEFED2600E9EE31 /* Main.storyboard */,
				ECC7BDC02AEFED2700E9EE31 /* Assets.xcassets */,
				ECC7BDC22AEFED2700E9EE31 /* LaunchScreen.storyboard */,
				ECC7BDC52AEFED2700E9EE31 /* Info.plist */,
				ECC7BDBD2AEFED2600E9EE31 /* MapUygulamasi.xcdatamodeld */,
				EC4CA9EF2AF132D6006FA3FE /* ListViewController.swift */,
			);
			path = MapUygulamasi;
			sourceTree = "<group>";
		};
/* End PBXGroup section */

/* Begin PBXNativeTarget section */
		ECC7BDB02AEFED2600E9EE31 /* MapUygulamasi */ = {
			isa = PBXNativeTarget;
			buildConfigurationList = ECC7BDC82AEFED2700E9EE31 /* Build configuration list for PBXNativeTarget "MapUygulamasi" */;
			buildPhases = (
				ECC7BDAD2AEFED2600E9EE31 /* Sources */,
				ECC7BDAE2AEFED2600E9EE31 /* Frameworks */,
				ECC7BDAF2AEFED2600E9EE31 /* Resources */,
			);
			buildRules = (
			);
			dependencies = (
			);
			name = MapUygulamasi;
			productName = MapUygulamasi;
			productReference = ECC7BDB12AEFED2600E9EE31 /* MapUygulamasi.app */;
			productType = "com.apple.product-type.application";
		};
/* End PBXNativeTarget section */

/* Begin PBXProject section */
		ECC7BDA92AEFED2600E9EE31 /* Project object */ = {
			isa = PBXProject;
			attributes = {
				BuildIndependentTargetsInParallel = 1;
				LastSwiftUpdateCheck = 1500;
				LastUpgradeCheck = 1500;
				TargetAttributes = {
					ECC7BDB02AEFED2600E9EE31 = {
						CreatedOnToolsVersion = 15.0.1;
					};
				};
			};
			buildConfigurationList = ECC7BDAC2AEFED2600E9EE31 /* Build configuration list for PBXProject "MapUygulamasi" */;
			compatibilityVersion = "Xcode 14.0";
			developmentRegion = en;
			hasScannedForEncodings = 0;
			knownRegions = (
				en,
				Base,
			);
			mainGroup = ECC7BDA82AEFED2600E9EE31;
			productRefGroup = ECC7BDB22AEFED2600E9EE31 /* Products */;
			projectDirPath = "";
			projectRoot = "";
			targets = (
				ECC7BDB02AEFED2600E9EE31 /* MapUygulamasi */,
			);
		};
/* End PBXProject section */

/* Begin PBXResourcesBuildPhase section */
		ECC7BDAF2AEFED2600E9EE31 /* Resources */ = {
			isa = PBXResourcesBuildPhase;
			buildActionMask = 2147483647;
			files = (
				ECC7BDC42AEFED2700E9EE31 /* LaunchScreen.storyboard in Resources */,
				ECC7BDC12AEFED2700E9EE31 /* Assets.xcassets in Resources */,
				ECC7BDBC2AEFED2600E9EE31 /* Main.storyboard in Resources */,
			);
			runOnlyForDeploymentPostprocessing = 0;
		};
/* End PBXResourcesBuildPhase section */

/* Begin PBXSourcesBuildPhase section */
		ECC7BDAD2AEFED2600E9EE31 /* Sources */ = {
			isa = PBXSourcesBuildPhase;
			buildActionMask = 2147483647;
			files = (
				ECC7BDB92AEFED2600E9EE31 /* MapsViewController.swift in Sources */,
				ECC7BDBF2AEFED2600E9EE31 /* MapUygulamasi.xcdatamodeld in Sources */,
				ECC7BDB52AEFED2600E9EE31 /* AppDelegate.swift in Sources */,
				EC4CA9F02AF132D7006FA3FE /* ListViewController.swift in Sources */,
				ECC7BDB72AEFED2600E9EE31 /* SceneDelegate.swift in Sources */,
			);
			runOnlyForDeploymentPostprocessing = 0;
		};
/* End PBXSourcesBuildPhase section */

/* Begin PBXVariantGroup section */
		ECC7BDBA2AEFED2600E9EE31 /* Main.storyboard */ = {
			isa = PBXVariantGroup;
			children = (
				ECC7BDBB2AEFED2600E9EE31 /* Base */,
			);
			name = Main.storyboard;
			sourceTree = "<group>";
		};
		ECC7BDC22AEFED2700E9EE31 /* LaunchScreen.storyboard */ = {
			isa = PBXVariantGroup;
			children = (
				ECC7BDC32AEFED2700E9EE31 /* Base */,
			);
			name = LaunchScreen.storyboard;
			sourceTree = "<group>";
		};
/* End PBXVariantGroup section */

/* Begin XCBuildConfiguration section */
		ECC7BDC62AEFED2700E9EE31 /* Debug */ = {
			isa = XCBuildConfiguration;
			buildSettings = {
				ALWAYS_SEARCH_USER_PATHS = NO;
				ASSETCATALOG_COMPILER_GENERATE_SWIFT_ASSET_SYMBOL_EXTENSIONS = YES;
				CLANG_ANALYZER_NONNULL = YES;
				CLANG_ANALYZER_NUMBER_OBJECT_CONVERSION = YES_AGGRESSIVE;
				CLANG_CXX_LANGUAGE_STANDARD = "gnu++20";
				CLANG_ENABLE_MODULES = YES;
				CLANG_ENABLE_OBJC_ARC = YES;
				CLANG_ENABLE_OBJC_WEAK = YES;
				CLANG_WARN_BLOCK_CAPTURE_AUTORELEASING = YES;
				CLANG_WARN_BOOL_CONVERSION = YES;
				CLANG_WARN_COMMA = YES;
				CLANG_WARN_CONSTANT_CONVERSION = YES;
				CLANG_WARN_DEPRECATED_OBJC_IMPLEMENTATIONS = YES;
				CLANG_WARN_DIRECT_OBJC_ISA_USAGE = YES_ERROR;
				CLANG_WARN_DOCUMENTATION_COMMENTS = YES;
				CLANG_WARN_EMPTY_BODY = YES;
				CLANG_WARN_ENUM_CONVERSION = YES;
				CLANG_WARN_INFINITE_RECURSION = YES;
				CLANG_WARN_INT_CONVERSION = YES;
				CLANG_WARN_NON_LITERAL_NULL_CONVERSION = YES;
				CLANG_WARN_OBJC_IMPLICIT_RETAIN_SELF = YES;
				CLANG_WARN_OBJC_LITERAL_CONVERSION = YES;
				CLANG_WARN_OBJC_ROOT_CLASS = YES_ERROR;
				CLANG_WARN_QUOTED_INCLUDE_IN_FRAMEWORK_HEADER = YES;
				CLANG_WARN_RANGE_LOOP_ANALYSIS = YES;
				CLANG_WARN_STRICT_PROTOTYPES = YES;
				CLANG_WARN_SUSPICIOUS_MOVE = YES;
				CLANG_WARN_UNGUARDED_AVAILABILITY = YES_AGGRESSIVE;
				CLANG_WARN_UNREACHABLE_CODE = YES;
				CLANG_WARN__DUPLICATE_METHOD_MATCH = YES;
				COPY_PHASE_STRIP = NO;
				DEBUG_INFORMATION_FORMAT = dwarf;
				ENABLE_STRICT_OBJC_MSGSEND = YES;
				ENABLE_TESTABILITY = YES;
				ENABLE_USER_SCRIPT_SANDBOXING = YES;
				GCC_C_LANGUAGE_STANDARD = gnu17;
				GCC_DYNAMIC_NO_PIC = NO;
				GCC_NO_COMMON_BLOCKS = YES;
				GCC_OPTIMIZATION_LEVEL = 0;
				GCC_PREPROCESSOR_DEFINITIONS = (
					"DEBUG=1",
					"$(inherited)",
				);
				GCC_WARN_64_TO_32_BIT_CONVERSION = YES;
				GCC_WARN_ABOUT_RETURN_TYPE = YES_ERROR;
				GCC_WARN_UNDECLARED_SELECTOR = YES;
				GCC_WARN_UNINITIALIZED_AUTOS = YES_AGGRESSIVE;
				GCC_WARN_UNUSED_FUNCTION = YES;
				GCC_WARN_UNUSED_VARIABLE = YES;
				IPHONEOS_DEPLOYMENT_TARGET = 17.0;
				LOCALIZATION_PREFERS_STRING_CATALOGS = YES;
				MTL_ENABLE_DEBUG_INFO = INCLUDE_SOURCE;
				MTL_FAST_MATH = YES;
				ONLY_ACTIVE_ARCH = YES;
				SDKROOT = iphoneos;
				SWIFT_ACTIVE_COMPILATION_CONDITIONS = "DEBUG $(inherited)";
				SWIFT_OPTIMIZATION_LEVEL = "-Onone";
			};
			name = Debug;
		};
		ECC7BDC72AEFED2700E9EE31 /* Release */ = {
			isa = XCBuildConfiguration;
			buildSettings = {
				ALWAYS_SEARCH_USER_PATHS = NO;
				ASSETCATALOG_COMPILER_GENERATE_SWIFT_ASSET_SYMBOL_EXTENSIONS = YES;
				CLANG_ANALYZER_NONNULL = YES;
				CLANG_ANALYZER_NUMBER_OBJECT_CONVERSION = YES_AGGRESSIVE;
				CLANG_CXX_LANGUAGE_STANDARD = "gnu++20";
				CLANG_ENABLE_MODULES = YES;
				CLANG_ENABLE_OBJC_ARC = YES;
				CLANG_ENABLE_OBJC_WEAK = YES;
				CLANG_WARN_BLOCK_CAPTURE_AUTORELEASING = YES;
				CLANG_WARN_BOOL_CONVERSION = YES;
				CLANG_WARN_COMMA = YES;
				CLANG_WARN_CONSTANT_CONVERSION = YES;
				CLANG_WARN_DEPRECATED_OBJC_IMPLEMENTATIONS = YES;
				CLANG_WARN_DIRECT_OBJC_ISA_USAGE = YES_ERROR;
				CLANG_WARN_DOCUMENTATION_COMMENTS = YES;
				CLANG_WARN_EMPTY_BODY = YES;
				CLANG_WARN_ENUM_CONVERSION = YES;
				CLANG_WARN_INFINITE_RECURSION = YES;
				CLANG_WARN_INT_CONVERSION = YES;
				CLANG_WARN_NON_LITERAL_NULL_CONVERSION = YES;
				CLANG_WARN_OBJC_IMPLICIT_RETAIN_SELF = YES;
				CLANG_WARN_OBJC_LITERAL_CONVERSION = YES;
				CLANG_WARN_OBJC_ROOT_CLASS = YES_ERROR;
				CLANG_WARN_QUOTED_INCLUDE_IN_FRAMEWORK_HEADER = YES;
				CLANG_WARN_RANGE_LOOP_ANALYSIS = YES;
				CLANG_WARN_STRICT_PROTOTYPES = YES;
				CLANG_WARN_SUSPICIOUS_MOVE = YES;
				CLANG_WARN_UNGUARDED_AVAILABILITY = YES_AGGRESSIVE;
				CLANG_WARN_UNREACHABLE_CODE = YES;
				CLANG_WARN__DUPLICATE_METHOD_MATCH = YES;
				COPY_PHASE_STRIP = NO;
				DEBUG_INFORMATION_FORMAT = "dwarf-with-dsym";
				ENABLE_NS_ASSERTIONS = NO;
				ENABLE_STRICT_OBJC_MSGSEND = YES;
				ENABLE_USER_SCRIPT_SANDBOXING = YES;
				GCC_C_LANGUAGE_STANDARD = gnu17;
				GCC_NO_COMMON_BLOCKS = YES;
				GCC_WARN_64_TO_32_BIT_CONVERSION = YES;
				GCC_WARN_ABOUT_RETURN_TYPE = YES_ERROR;
				GCC_WARN_UNDECLARED_SELECTOR = YES;
				GCC_WARN_UNINITIALIZED_AUTOS = YES_AGGRESSIVE;
				GCC_WARN_UNUSED_FUNCTION = YES;
				GCC_WARN_UNUSED_VARIABLE = YES;
				IPHONEOS_DEPLOYMENT_TARGET = 17.0;
				LOCALIZATION_PREFERS_STRING_CATALOGS = YES;
				MTL_ENABLE_DEBUG_INFO = NO;
				MTL_FAST_MATH = YES;
				SDKROOT = iphoneos;
				SWIFT_COMPILATION_MODE = wholemodule;
				VALIDATE_PRODUCT = YES;
			};
			name = Release;
		};
		ECC7BDC92AEFED2700E9EE31 /* Debug */ = {
			isa = XCBuildConfiguration;
			buildSettings = {
				ASSETCATALOG_COMPILER_APPICON_NAME = AppIcon;
				ASSETCATALOG_COMPILER_GLOBAL_ACCENT_COLOR_NAME = AccentColor;
				CODE_SIGN_STYLE = Automatic;
				CURRENT_PROJECT_VERSION = 1;
				DEVELOPMENT_TEAM = S7VDAK3AXN;
				GENERATE_INFOPLIST_FILE = YES;
				INFOPLIST_FILE = MapUygulamasi/Info.plist;
				INFOPLIST_KEY_NSLocationWhenInUseUsageDescription = "We need your permission because we need to reach your location";
				INFOPLIST_KEY_UIApplicationSupportsIndirectInputEvents = YES;
				INFOPLIST_KEY_UILaunchStoryboardName = LaunchScreen;
				INFOPLIST_KEY_UIMainStoryboardFile = Main;
				INFOPLIST_KEY_UISupportedInterfaceOrientations_iPad = "UIInterfaceOrientationPortrait UIInterfaceOrientationPortraitUpsideDown UIInterfaceOrientationLandscapeLeft UIInterfaceOrientationLandscapeRight";
				INFOPLIST_KEY_UISupportedInterfaceOrientations_iPhone = "UIInterfaceOrientationPortrait UIInterfaceOrientationLandscapeLeft UIInterfaceOrientationLandscapeRight";
				LD_RUNPATH_SEARCH_PATHS = (
					"$(inherited)",
					"@executable_path/Frameworks",
				);
				MARKETING_VERSION = 1.0;
				PRODUCT_BUNDLE_IDENTIFIER = com.enestalhaucar.timerInterval;
				PRODUCT_NAME = "$(TARGET_NAME)";
				SWIFT_EMIT_LOC_STRINGS = YES;
				SWIFT_VERSION = 5.0;
				TARGETED_DEVICE_FAMILY = "1,2";
			};
			name = Debug;
		};
		ECC7BDCA2AEFED2700E9EE31 /* Release */ = {
			isa = XCBuildConfiguration;
			buildSettings = {
				ASSETCATALOG_COMPILER_APPICON_NAME = AppIcon;
				ASSETCATALOG_COMPILER_GLOBAL_ACCENT_COLOR_NAME = AccentColor;
				CODE_SIGN_STYLE = Automatic;
				CURRENT_PROJECT_VERSION = 1;
				DEVELOPMENT_TEAM = S7VDAK3AXN;
				GENERATE_INFOPLIST_FILE = YES;
				INFOPLIST_FILE = MapUygulamasi/Info.plist;
				INFOPLIST_KEY_NSLocationWhenInUseUsageDescription = "We need your permission because we need to reach your location";
				INFOPLIST_KEY_UIApplicationSupportsIndirectInputEvents = YES;
				INFOPLIST_KEY_UILaunchStoryboardName = LaunchScreen;
				INFOPLIST_KEY_UIMainStoryboardFile = Main;
				INFOPLIST_KEY_UISupportedInterfaceOrientations_iPad = "UIInterfaceOrientationPortrait UIInterfaceOrientationPortraitUpsideDown UIInterfaceOrientationLandscapeLeft UIInterfaceOrientationLandscapeRight";
				INFOPLIST_KEY_UISupportedInterfaceOrientations_iPhone = "UIInterfaceOrientationPortrait UIInterfaceOrientationLandscapeLeft UIInterfaceOrientationLandscapeRight";
				LD_RUNPATH_SEARCH_PATHS = (
					"$(inherited)",
					"@executable_path/Frameworks",
				);
				MARKETING_VERSION = 1.0;
				PRODUCT_BUNDLE_IDENTIFIER = com.enestalhaucar.timerInterval;
				PRODUCT_NAME = "$(TARGET_NAME)";
				SWIFT_EMIT_LOC_STRINGS = YES;
				SWIFT_VERSION = 5.0;
				TARGETED_DEVICE_FAMILY = "1,2";
			};
			name = Release;
		};
/* End XCBuildConfiguration section */

/* Begin XCConfigurationList section */
		ECC7BDAC2AEFED2600E9EE31 /* Build configuration list for PBXProject "MapUygulamasi" */ = {
			isa = XCConfigurationList;
			buildConfigurations = (
				ECC7BDC62AEFED2700E9EE31 /* Debug */,
				ECC7BDC72AEFED2700E9EE31 /* Release */,
			);
			defaultConfigurationIsVisible = 0;
			defaultConfigurationName = Release;
		};
		ECC7BDC82AEFED2700E9EE31 /* Build configuration list for PBXNativeTarget "MapUygulamasi" */ = {
			isa = XCConfigurationList;
			buildConfigurations = (
				ECC7BDC92AEFED2700E9EE31 /* Debug */,
				ECC7BDCA2AEFED2700E9EE31 /* Release */,
			);
			defaultConfigurationIsVisible = 0;
			defaultConfigurationName = Release;
		};
/* End XCConfigurationList section */

/* Begin XCVersionGroup section */
		ECC7BDBD2AEFED2600E9EE31 /* MapUygulamasi.xcdatamodeld */ = {
			isa = XCVersionGroup;
			children = (
				ECC7BDBE2AEFED2600E9EE31 /* MapUygulamasi.xcdatamodel */,
			);
			currentVersion = ECC7BDBE2AEFED2600E9EE31 /* MapUygulamasi.xcdatamodel */;
			path = MapUygulamasi.xcdatamodeld;
			sourceTree = "<group>";
			versionGroupType = wrapper.xcdatamodel;
		};
/* End XCVersionGroup section */
	};
	rootObject = ECC7BDA92AEFED2600E9EE31 /* Project object */;
}
